// !$*UTF8*$!
{
	archiveVersion = 1;
	classes = {
	};
	objectVersion = 50;
	objects = {

/* Begin PBXBuildFile section */
		03B1ADF525D359D3F8ABED7E /* libPods-Example.a in Frameworks */ = {isa = PBXBuildFile; fileRef = ED5CE570A1B3E0C212BADDC3 /* libPods-Example.a */; };
		405467CE22F045F00009D3F2 /* AppDelegate.m in Sources */ = {isa = PBXBuildFile; fileRef = 405467CD22F045F00009D3F2 /* AppDelegate.m */; };
		405467D122F045F00009D3F2 /* ViewController.m in Sources */ = {isa = PBXBuildFile; fileRef = 405467D022F045F00009D3F2 /* ViewController.m */; };
		405467D422F045F00009D3F2 /* Main.storyboard in Resources */ = {isa = PBXBuildFile; fileRef = 405467D222F045F00009D3F2 /* Main.storyboard */; };
		405467D622F045F10009D3F2 /* Assets.xcassets in Resources */ = {isa = PBXBuildFile; fileRef = 405467D522F045F10009D3F2 /* Assets.xcassets */; };
		405467D922F045F10009D3F2 /* LaunchScreen.storyboard in Resources */ = {isa = PBXBuildFile; fileRef = 405467D722F045F10009D3F2 /* LaunchScreen.storyboard */; };
		405467DC22F045F10009D3F2 /* main.m in Sources */ = {isa = PBXBuildFile; fileRef = 405467DB22F045F10009D3F2 /* main.m */; };
		405467E622F045F10009D3F2 /* ExampleTests.m in Sources */ = {isa = PBXBuildFile; fileRef = 405467E522F045F10009D3F2 /* ExampleTests.m */; };
		405467F122F045F10009D3F2 /* ExampleUITests.m in Sources */ = {isa = PBXBuildFile; fileRef = 405467F022F045F10009D3F2 /* ExampleUITests.m */; };
/* End PBXBuildFile section */

/* Begin PBXContainerItemProxy section */
		405467E222F045F10009D3F2 /* PBXContainerItemProxy */ = {
			isa = PBXContainerItemProxy;
			containerPortal = 405467C122F045F00009D3F2 /* Project object */;
			proxyType = 1;
			remoteGlobalIDString = 405467C822F045F00009D3F2;
			remoteInfo = Example;
		};
		405467ED22F045F10009D3F2 /* PBXContainerItemProxy */ = {
			isa = PBXContainerItemProxy;
			containerPortal = 405467C122F045F00009D3F2 /* Project object */;
			proxyType = 1;
			remoteGlobalIDString = 405467C822F045F00009D3F2;
			remoteInfo = Example;
		};
/* End PBXContainerItemProxy section */

/* Begin PBXFileReference section */
		0CD4436303050082FD019517 /* Pods-Example.debug.xcconfig */ = {isa = PBXFileReference; includeInIndex = 1; lastKnownFileType = text.xcconfig; name = "Pods-Example.debug.xcconfig"; path = "Target Support Files/Pods-Example/Pods-Example.debug.xcconfig"; sourceTree = "<group>"; };
		34FA0CCAE77D38D38B58FEE3 /* Pods-Example.release.xcconfig */ = {isa = PBXFileReference; includeInIndex = 1; lastKnownFileType = text.xcconfig; name = "Pods-Example.release.xcconfig"; path = "Target Support Files/Pods-Example/Pods-Example.release.xcconfig"; sourceTree = "<group>"; };
		405467C922F045F00009D3F2 /* Example.app */ = {isa = PBXFileReference; explicitFileType = wrapper.application; includeInIndex = 0; path = Example.app; sourceTree = BUILT_PRODUCTS_DIR; };
		405467CC22F045F00009D3F2 /* AppDelegate.h */ = {isa = PBXFileReference; lastKnownFileType = sourcecode.c.h; path = AppDelegate.h; sourceTree = "<group>"; };
		405467CD22F045F00009D3F2 /* AppDelegate.m */ = {isa = PBXFileReference; lastKnownFileType = sourcecode.c.objc; path = AppDelegate.m; sourceTree = "<group>"; };
		405467CF22F045F00009D3F2 /* ViewController.h */ = {isa = PBXFileReference; lastKnownFileType = sourcecode.c.h; path = ViewController.h; sourceTree = "<group>"; };
		405467D022F045F00009D3F2 /* ViewController.m */ = {isa = PBXFileReference; lastKnownFileType = sourcecode.c.objc; path = ViewController.m; sourceTree = "<group>"; };
		405467D322F045F00009D3F2 /* Base */ = {isa = PBXFileReference; lastKnownFileType = file.storyboard; name = Base; path = Base.lproj/Main.storyboard; sourceTree = "<group>"; };
		405467D522F045F10009D3F2 /* Assets.xcassets */ = {isa = PBXFileReference; lastKnownFileType = folder.assetcatalog; path = Assets.xcassets; sourceTree = "<group>"; };
		405467D822F045F10009D3F2 /* Base */ = {isa = PBXFileReference; lastKnownFileType = file.storyboard; name = Base; path = Base.lproj/LaunchScreen.storyboard; sourceTree = "<group>"; };
		405467DA22F045F10009D3F2 /* Info.plist */ = {isa = PBXFileReference; lastKnownFileType = text.plist.xml; path = Info.plist; sourceTree = "<group>"; };
		405467DB22F045F10009D3F2 /* main.m */ = {isa = PBXFileReference; lastKnownFileType = sourcecode.c.objc; path = main.m; sourceTree = "<group>"; };
		405467E122F045F10009D3F2 /* ExampleTests.xctest */ = {isa = PBXFileReference; explicitFileType = wrapper.cfbundle; includeInIndex = 0; path = ExampleTests.xctest; sourceTree = BUILT_PRODUCTS_DIR; };
		405467E522F045F10009D3F2 /* ExampleTests.m */ = {isa = PBXFileReference; lastKnownFileType = sourcecode.c.objc; path = ExampleTests.m; sourceTree = "<group>"; };
		405467E722F045F10009D3F2 /* Info.plist */ = {isa = PBXFileReference; lastKnownFileType = text.plist.xml; path = Info.plist; sourceTree = "<group>"; };
		405467EC22F045F10009D3F2 /* ExampleUITests.xctest */ = {isa = PBXFileReference; explicitFileType = wrapper.cfbundle; includeInIndex = 0; path = ExampleUITests.xctest; sourceTree = BUILT_PRODUCTS_DIR; };
		405467F022F045F10009D3F2 /* ExampleUITests.m */ = {isa = PBXFileReference; lastKnownFileType = sourcecode.c.objc; path = ExampleUITests.m; sourceTree = "<group>"; };
		405467F222F045F10009D3F2 /* Info.plist */ = {isa = PBXFileReference; lastKnownFileType = text.plist.xml; path = Info.plist; sourceTree = "<group>"; };
		ED5CE570A1B3E0C212BADDC3 /* libPods-Example.a */ = {isa = PBXFileReference; explicitFileType = archive.ar; includeInIndex = 0; path = "libPods-Example.a"; sourceTree = BUILT_PRODUCTS_DIR; };
/* End PBXFileReference section */

/* Begin PBXFrameworksBuildPhase section */
		405467C622F045F00009D3F2 /* Frameworks */ = {
			isa = PBXFrameworksBuildPhase;
			buildActionMask = 2147483647;
			files = (
				03B1ADF525D359D3F8ABED7E /* libPods-Example.a in Frameworks */,
			);
			runOnlyForDeploymentPostprocessing = 0;
		};
		405467DE22F045F10009D3F2 /* Frameworks */ = {
			isa = PBXFrameworksBuildPhase;
			buildActionMask = 2147483647;
			files = (
			);
			runOnlyForDeploymentPostprocessing = 0;
		};
		405467E922F045F10009D3F2 /* Frameworks */ = {
			isa = PBXFrameworksBuildPhase;
			buildActionMask = 2147483647;
			files = (
			);
			runOnlyForDeploymentPostprocessing = 0;
		};
/* End PBXFrameworksBuildPhase section */

/* Begin PBXGroup section */
		405467C022F045F00009D3F2 = {
			isa = PBXGroup;
			children = (
				405467CB22F045F00009D3F2 /* Example */,
				405467E422F045F10009D3F2 /* ExampleTests */,
				405467EF22F045F10009D3F2 /* ExampleUITests */,
				405467CA22F045F00009D3F2 /* Products */,
				B310E10201E9A768265143F1 /* Pods */,
				CE94CD1859DA9CE7A55D08F1 /* Frameworks */,
			);
			sourceTree = "<group>";
		};
		405467CA22F045F00009D3F2 /* Products */ = {
			isa = PBXGroup;
			children = (
				405467C922F045F00009D3F2 /* Example.app */,
				405467E122F045F10009D3F2 /* ExampleTests.xctest */,
				405467EC22F045F10009D3F2 /* ExampleUITests.xctest */,
			);
			name = Products;
			sourceTree = "<group>";
		};
		405467CB22F045F00009D3F2 /* Example */ = {
			isa = PBXGroup;
			children = (
				405467CC22F045F00009D3F2 /* AppDelegate.h */,
				405467CD22F045F00009D3F2 /* AppDelegate.m */,
				405467CF22F045F00009D3F2 /* ViewController.h */,
				405467D022F045F00009D3F2 /* ViewController.m */,
				405467D222F045F00009D3F2 /* Main.storyboard */,
				405467D522F045F10009D3F2 /* Assets.xcassets */,
				405467D722F045F10009D3F2 /* LaunchScreen.storyboard */,
				405467DA22F045F10009D3F2 /* Info.plist */,
				405467DB22F045F10009D3F2 /* main.m */,
			);
			path = Example;
			sourceTree = "<group>";
		};
		405467E422F045F10009D3F2 /* ExampleTests */ = {
			isa = PBXGroup;
			children = (
				405467E522F045F10009D3F2 /* ExampleTests.m */,
				405467E722F045F10009D3F2 /* Info.plist */,
			);
			path = ExampleTests;
			sourceTree = "<group>";
		};
		405467EF22F045F10009D3F2 /* ExampleUITests */ = {
			isa = PBXGroup;
			children = (
				405467F022F045F10009D3F2 /* ExampleUITests.m */,
				405467F222F045F10009D3F2 /* Info.plist */,
			);
			path = ExampleUITests;
			sourceTree = "<group>";
		};
		B310E10201E9A768265143F1 /* Pods */ = {
			isa = PBXGroup;
			children = (
				0CD4436303050082FD019517 /* Pods-Example.debug.xcconfig */,
				34FA0CCAE77D38D38B58FEE3 /* Pods-Example.release.xcconfig */,
			);
			name = Pods;
			path = Pods;
			sourceTree = "<group>";
		};
		CE94CD1859DA9CE7A55D08F1 /* Frameworks */ = {
			isa = PBXGroup;
			children = (
				ED5CE570A1B3E0C212BADDC3 /* libPods-Example.a */,
			);
			name = Frameworks;
			sourceTree = "<group>";
		};
/* End PBXGroup section */

/* Begin PBXNativeTarget section */
		405467C822F045F00009D3F2 /* Example */ = {
			isa = PBXNativeTarget;
			buildConfigurationList = 405467F522F045F10009D3F2 /* Build configuration list for PBXNativeTarget "Example" */;
			buildPhases = (
				68A876A1339188C69A669BEC /* [CP] Check Pods Manifest.lock */,
				405467C522F045F00009D3F2 /* Sources */,
				405467C622F045F00009D3F2 /* Frameworks */,
				405467C722F045F00009D3F2 /* Resources */,
			);
			buildRules = (
			);
			dependencies = (
			);
			name = Example;
			productName = Example;
			productReference = 405467C922F045F00009D3F2 /* Example.app */;
			productType = "com.apple.product-type.application";
		};
		405467E022F045F10009D3F2 /* ExampleTests */ = {
			isa = PBXNativeTarget;
			buildConfigurationList = 405467F822F045F10009D3F2 /* Build configuration list for PBXNativeTarget "ExampleTests" */;
			buildPhases = (
				405467DD22F045F10009D3F2 /* Sources */,
				405467DE22F045F10009D3F2 /* Frameworks */,
				405467DF22F045F10009D3F2 /* Resources */,
			);
			buildRules = (
			);
			dependencies = (
				405467E322F045F10009D3F2 /* PBXTargetDependency */,
			);
			name = ExampleTests;
			productName = ExampleTests;
			productReference = 405467E122F045F10009D3F2 /* ExampleTests.xctest */;
			productType = "com.apple.product-type.bundle.unit-test";
		};
		405467EB22F045F10009D3F2 /* ExampleUITests */ = {
			isa = PBXNativeTarget;
			buildConfigurationList = 405467FB22F045F10009D3F2 /* Build configuration list for PBXNativeTarget "ExampleUITests" */;
			buildPhases = (
				405467E822F045F10009D3F2 /* Sources */,
				405467E922F045F10009D3F2 /* Frameworks */,
				405467EA22F045F10009D3F2 /* Resources */,
			);
			buildRules = (
			);
			dependencies = (
				405467EE22F045F10009D3F2 /* PBXTargetDependency */,
			);
			name = ExampleUITests;
			productName = ExampleUITests;
			productReference = 405467EC22F045F10009D3F2 /* ExampleUITests.xctest */;
			productType = "com.apple.product-type.bundle.ui-testing";
		};
/* End PBXNativeTarget section */

/* Begin PBXProject section */
		405467C122F045F00009D3F2 /* Project object */ = {
			isa = PBXProject;
			attributes = {
				LastUpgradeCheck = 1010;
				ORGANIZATIONNAME = LLF;
				TargetAttributes = {
					405467C822F045F00009D3F2 = {
						CreatedOnToolsVersion = 10.1;
					};
					405467E022F045F10009D3F2 = {
						CreatedOnToolsVersion = 10.1;
						TestTargetID = 405467C822F045F00009D3F2;
					};
					405467EB22F045F10009D3F2 = {
						CreatedOnToolsVersion = 10.1;
						TestTargetID = 405467C822F045F00009D3F2;
					};
				};
			};
			buildConfigurationList = 405467C422F045F00009D3F2 /* Build configuration list for PBXProject "Example" */;
			compatibilityVersion = "Xcode 9.3";
			developmentRegion = en;
			hasScannedForEncodings = 0;
			knownRegions = (
				en,
				Base,
			);
			mainGroup = 405467C022F045F00009D3F2;
			productRefGroup = 405467CA22F045F00009D3F2 /* Products */;
			projectDirPath = "";
			projectRoot = "";
			targets = (
				405467C822F045F00009D3F2 /* Example */,
				405467E022F045F10009D3F2 /* ExampleTests */,
				405467EB22F045F10009D3F2 /* ExampleUITests */,
			);
		};
/* End PBXProject section */

/* Begin PBXResourcesBuildPhase section */
		405467C722F045F00009D3F2 /* Resources */ = {
			isa = PBXResourcesBuildPhase;
			buildActionMask = 2147483647;
			files = (
				405467D922F045F10009D3F2 /* LaunchScreen.storyboard in Resources */,
				405467D622F045F10009D3F2 /* Assets.xcassets in Resources */,
				405467D422F045F00009D3F2 /* Main.storyboard in Resources */,
			);
			runOnlyForDeploymentPostprocessing = 0;
		};
		405467DF22F045F10009D3F2 /* Resources */ = {
			isa = PBXResourcesBuildPhase;
			buildActionMask = 2147483647;
			files = (
			);
			runOnlyForDeploymentPostprocessing = 0;
		};
		405467EA22F045F10009D3F2 /* Resources */ = {
			isa = PBXResourcesBuildPhase;
			buildActionMask = 2147483647;
			files = (
			);
			runOnlyForDeploymentPostprocessing = 0;
		};
/* End PBXResourcesBuildPhase section */

/* Begin PBXShellScriptBuildPhase section */
		68A876A1339188C69A669BEC /* [CP] Check Pods Manifest.lock */ = {
			isa = PBXShellScriptBuildPhase;
			buildActionMask = 2147483647;
			files = (
			);
			inputFileListPaths = (
			);
			inputPaths = (
				"${PODS_PODFILE_DIR_PATH}/Podfile.lock",
				"${PODS_ROOT}/Manifest.lock",
			);
			name = "[CP] Check Pods Manifest.lock";
			outputFileListPaths = (
			);
			outputPaths = (
				"$(DERIVED_FILE_DIR)/Pods-Example-checkManifestLockResult.txt",
			);
			runOnlyForDeploymentPostprocessing = 0;
			shellPath = /bin/sh;
			shellScript = "diff \"${PODS_PODFILE_DIR_PATH}/Podfile.lock\" \"${PODS_ROOT}/Manifest.lock\" > /dev/null\nif [ $? != 0 ] ; then\n    # print error to STDERR\n    echo \"error: The sandbox is not in sync with the Podfile.lock. Run 'pod install' or update your CocoaPods installation.\" >&2\n    exit 1\nfi\n# This output is used by Xcode 'outputs' to avoid re-running this script phase.\necho \"SUCCESS\" > \"${SCRIPT_OUTPUT_FILE_0}\"\n";
			showEnvVarsInLog = 0;
		};
/* End PBXShellScriptBuildPhase section */

/* Begin PBXSourcesBuildPhase section */
		405467C522F045F00009D3F2 /* Sources */ = {
			isa = PBXSourcesBuildPhase;
			buildActionMask = 2147483647;
			files = (
				405467D122F045F00009D3F2 /* ViewController.m in Sources */,
				405467DC22F045F10009D3F2 /* main.m in Sources */,
				405467CE22F045F00009D3F2 /* AppDelegate.m in Sources */,
			);
			runOnlyForDeploymentPostprocessing = 0;
		};
		405467DD22F045F10009D3F2 /* Sources */ = {
			isa = PBXSourcesBuildPhase;
			buildActionMask = 2147483647;
			files = (
				405467E622F045F10009D3F2 /* ExampleTests.m in Sources */,
			);
			runOnlyForDeploymentPostprocessing = 0;
		};
		405467E822F045F10009D3F2 /* Sources */ = {
			isa = PBXSourcesBuildPhase;
			buildActionMask = 2147483647;
			files = (
				405467F122F045F10009D3F2 /* ExampleUITests.m in Sources */,
			);
			runOnlyForDeploymentPostprocessing = 0;
		};
/* End PBXSourcesBuildPhase section */

/* Begin PBXTargetDependency section */
		405467E322F045F10009D3F2 /* PBXTargetDependency */ = {
			isa = PBXTargetDependency;
			target = 405467C822F045F00009D3F2 /* Example */;
			targetProxy = 405467E222F045F10009D3F2 /* PBXContainerItemProxy */;
		};
		405467EE22F045F10009D3F2 /* PBXTargetDependency */ = {
			isa = PBXTargetDependency;
			target = 405467C822F045F00009D3F2 /* Example */;
			targetProxy = 405467ED22F045F10009D3F2 /* PBXContainerItemProxy */;
		};
/* End PBXTargetDependency section */

/* Begin PBXVariantGroup section */
		405467D222F045F00009D3F2 /* Main.storyboard */ = {
			isa = PBXVariantGroup;
			children = (
				405467D322F045F00009D3F2 /* Base */,
			);
			name = Main.storyboard;
			sourceTree = "<group>";
		};
		405467D722F045F10009D3F2 /* LaunchScreen.storyboard */ = {
			isa = PBXVariantGroup;
			children = (
				405467D822F045F10009D3F2 /* Base */,
			);
			name = LaunchScreen.storyboard;
			sourceTree = "<group>";
		};
/* End PBXVariantGroup section */

/* Begin XCBuildConfiguration section */
		405467F322F045F10009D3F2 /* Debug */ = {
			isa = XCBuildConfiguration;
			buildSettings = {
				ALWAYS_SEARCH_USER_PATHS = NO;
				CLANG_ANALYZER_NONNULL = YES;
				CLANG_ANALYZER_NUMBER_OBJECT_CONVERSION = YES_AGGRESSIVE;
				CLANG_CXX_LANGUAGE_STANDARD = "gnu++14";
				CLANG_CXX_LIBRARY = "libc++";
				CLANG_ENABLE_MODULES = YES;
				CLANG_ENABLE_OBJC_ARC = YES;
				CLANG_ENABLE_OBJC_WEAK = YES;
				CLANG_WARN_BLOCK_CAPTURE_AUTORELEASING = YES;
				CLANG_WARN_BOOL_CONVERSION = YES;
				CLANG_WARN_COMMA = YES;
				CLANG_WARN_CONSTANT_CONVERSION = YES;
				CLANG_WARN_DEPRECATED_OBJC_IMPLEMENTATIONS = YES;
				CLANG_WARN_DIRECT_OBJC_ISA_USAGE = YES_ERROR;
				CLANG_WARN_DOCUMENTATION_COMMENTS = YES;
				CLANG_WARN_EMPTY_BODY = YES;
				CLANG_WARN_ENUM_CONVERSION = YES;
				CLANG_WARN_INFINITE_RECURSION = YES;
				CLANG_WARN_INT_CONVERSION = YES;
				CLANG_WARN_NON_LITERAL_NULL_CONVERSION = YES;
				CLANG_WARN_OBJC_IMPLICIT_RETAIN_SELF = YES;
				CLANG_WARN_OBJC_LITERAL_CONVERSION = YES;
				CLANG_WARN_OBJC_ROOT_CLASS = YES_ERROR;
				CLANG_WARN_RANGE_LOOP_ANALYSIS = YES;
				CLANG_WARN_STRICT_PROTOTYPES = YES;
				CLANG_WARN_SUSPICIOUS_MOVE = YES;
				CLANG_WARN_UNGUARDED_AVAILABILITY = YES_AGGRESSIVE;
				CLANG_WARN_UNREACHABLE_CODE = YES;
				CLANG_WARN__DUPLICATE_METHOD_MATCH = YES;
				CODE_SIGN_IDENTITY = "iPhone Developer";
				COPY_PHASE_STRIP = NO;
				DEBUG_INFORMATION_FORMAT = dwarf;
				ENABLE_STRICT_OBJC_MSGSEND = YES;
				ENABLE_TESTABILITY = YES;
				GCC_C_LANGUAGE_STANDARD = gnu11;
				GCC_DYNAMIC_NO_PIC = NO;
				GCC_NO_COMMON_BLOCKS = YES;
				GCC_OPTIMIZATION_LEVEL = 0;
				GCC_PREPROCESSOR_DEFINITIONS = (
					"DEBUG=1",
					"$(inherited)",
				);
				GCC_WARN_64_TO_32_BIT_CONVERSION = YES;
				GCC_WARN_ABOUT_RETURN_TYPE = YES_ERROR;
				GCC_WARN_UNDECLARED_SELECTOR = YES;
				GCC_WARN_UNINITIALIZED_AUTOS = YES_AGGRESSIVE;
				GCC_WARN_UNUSED_FUNCTION = YES;
				GCC_WARN_UNUSED_VARIABLE = YES;
				IPHONEOS_DEPLOYMENT_TARGET = 12.1;
				MTL_ENABLE_DEBUG_INFO = INCLUDE_SOURCE;
				MTL_FAST_MATH = YES;
				ONLY_ACTIVE_ARCH = YES;
				SDKROOT = iphoneos;
			};
			name = Debug;
		};
		405467F422F045F10009D3F2 /* Release */ = {
			isa = XCBuildConfiguration;
			buildSettings = {
				ALWAYS_SEARCH_USER_PATHS = NO;
				CLANG_ANALYZER_NONNULL = YES;
				CLANG_ANALYZER_NUMBER_OBJECT_CONVERSION = YES_AGGRESSIVE;
				CLANG_CXX_LANGUAGE_STANDARD = "gnu++14";
				CLANG_CXX_LIBRARY = "libc++";
				CLANG_ENABLE_MODULES = YES;
				CLANG_ENABLE_OBJC_ARC = YES;
				CLANG_ENABLE_OBJC_WEAK = YES;
				CLANG_WARN_BLOCK_CAPTURE_AUTORELEASING = YES;
				CLANG_WARN_BOOL_CONVERSION = YES;
				CLANG_WARN_COMMA = YES;
				CLANG_WARN_CONSTANT_CONVERSION = YES;
				CLANG_WARN_DEPRECATED_OBJC_IMPLEMENTATIONS = YES;
				CLANG_WARN_DIRECT_OBJC_ISA_USAGE = YES_ERROR;
				CLANG_WARN_DOCUMENTATION_COMMENTS = YES;
				CLANG_WARN_EMPTY_BODY = YES;
				CLANG_WARN_ENUM_CONVERSION = YES;
				CLANG_WARN_INFINITE_RECURSION = YES;
				CLANG_WARN_INT_CONVERSION = YES;
				CLANG_WARN_NON_LITERAL_NULL_CONVERSION = YES;
				CLANG_WARN_OBJC_IMPLICIT_RETAIN_SELF = YES;
				CLANG_WARN_OBJC_LITERAL_CONVERSION = YES;
				CLANG_WARN_OBJC_ROOT_CLASS = YES_ERROR;
				CLANG_WARN_RANGE_LOOP_ANALYSIS = YES;
				CLANG_WARN_STRICT_PROTOTYPES = YES;
				CLANG_WARN_SUSPICIOUS_MOVE = YES;
				CLANG_WARN_UNGUARDED_AVAILABILITY = YES_AGGRESSIVE;
				CLANG_WARN_UNREACHABLE_CODE = YES;
				CLANG_WARN__DUPLICATE_METHOD_MATCH = YES;
				CODE_SIGN_IDENTITY = "iPhone Developer";
				COPY_PHASE_STRIP = NO;
				DEBUG_INFORMATION_FORMAT = "dwarf-with-dsym";
				ENABLE_NS_ASSERTIONS = NO;
				ENABLE_STRICT_OBJC_MSGSEND = YES;
				GCC_C_LANGUAGE_STANDARD = gnu11;
				GCC_NO_COMMON_BLOCKS = YES;
				GCC_WARN_64_TO_32_BIT_CONVERSION = YES;
				GCC_WARN_ABOUT_RETURN_TYPE = YES_ERROR;
				GCC_WARN_UNDECLARED_SELECTOR = YES;
				GCC_WARN_UNINITIALIZED_AUTOS = YES_AGGRESSIVE;
				GCC_WARN_UNUSED_FUNCTION = YES;
				GCC_WARN_UNUSED_VARIABLE = YES;
				IPHONEOS_DEPLOYMENT_TARGET = 12.1;
				MTL_ENABLE_DEBUG_INFO = NO;
				MTL_FAST_MATH = YES;
				SDKROOT = iphoneos;
				VALIDATE_PRODUCT = YES;
			};
			name = Release;
		};
		405467F622F045F10009D3F2 /* Debug */ = {
			isa = XCBuildConfiguration;
			baseConfigurationReference = 0CD4436303050082FD019517 /* Pods-Example.debug.xcconfig */;
			buildSettings = {
				ASSETCATALOG_COMPILER_APPICON_NAME = AppIcon;
				CODE_SIGN_STYLE = Automatic;
				DEVELOPMENT_TEAM = FGT5X7Z5AY;
				INFOPLIST_FILE = Example/Info.plist;
				LD_RUNPATH_SEARCH_PATHS = (
					"$(inherited)",
					"@executable_path/Frameworks",
				);
				PRODUCT_BUNDLE_IDENTIFIER = MengM.Example;
				PRODUCT_NAME = "$(TARGET_NAME)";
				TARGETED_DEVICE_FAMILY = "1,2";
			};
			name = Debug;
		};
		405467F722F045F10009D3F2 /* Release */ = {
			isa = XCBuildConfiguration;
			baseConfigurationReference = 34FA0CCAE77D38D38B58FEE3 /* Pods-Example.release.xcconfig */;
			buildSettings = {
				ASSETCATALOG_COMPILER_APPICON_NAME = AppIcon;
				CODE_SIGN_STYLE = Automatic;
				DEVELOPMENT_TEAM = FGT5X7Z5AY;
				INFOPLIST_FILE = Example/Info.plist;
				LD_RUNPATH_SEARCH_PATHS = (
					"$(inherited)",
					"@executable_path/Frameworks",
				);
				PRODUCT_BUNDLE_IDENTIFIER = MengM.Example;
				PRODUCT_NAME = "$(TARGET_NAME)";
				TARGETED_DEVICE_FAMILY = "1,2";
			};
			name = Release;
		};
		405467F922F045F10009D3F2 /* Debug */ = {
			isa = XCBuildConfiguration;
			buildSettings = {
				BUNDLE_LOADER = "$(TEST_HOST)";
				CODE_SIGN_STYLE = Automatic;
				DEVELOPMENT_TEAM = FGT5X7Z5AY;
				INFOPLIST_FILE = ExampleTests/Info.plist;
				LD_RUNPATH_SEARCH_PATHS = (
					"$(inherited)",
					"@executable_path/Frameworks",
					"@loader_path/Frameworks",
				);
				PRODUCT_BUNDLE_IDENTIFIER = MengM.ExampleTests;
				PRODUCT_NAME = "$(TARGET_NAME)";
				TARGETED_DEVICE_FAMILY = "1,2";
				TEST_HOST = "$(BUILT_PRODUCTS_DIR)/Example.app/Example";
			};
			name = Debug;
		};
		405467FA22F045F10009D3F2 /* Release */ = {
			isa = XCBuildConfiguration;
			buildSettings = {
				BUNDLE_LOADER = "$(TEST_HOST)";
				CODE_SIGN_STYLE = Automatic;
				DEVELOPMENT_TEAM = FGT5X7Z5AY;
				INFOPLIST_FILE = ExampleTests/Info.plist;
				LD_RUNPATH_SEARCH_PATHS = (
					"$(inherited)",
					"@executable_path/Frameworks",
					"@loader_path/Frameworks",
				);
				PRODUCT_BUNDLE_IDENTIFIER = MengM.ExampleTests;
				PRODUCT_NAME = "$(TARGET_NAME)";
				TARGETED_DEVICE_FAMILY = "1,2";
				TEST_HOST = "$(BUILT_PRODUCTS_DIR)/Example.app/Example";
			};
			name = Release;
		};
		405467FC22F045F10009D3F2 /* Debug */ = {
			isa = XCBuildConfiguration;
			buildSettings = {
				CODE_SIGN_STYLE = Automatic;
				DEVELOPMENT_TEAM = FGT5X7Z5AY;
				INFOPLIST_FILE = ExampleUITests/Info.plist;
				LD_RUNPATH_SEARCH_PATHS = (
					"$(inherited)",
					"@executable_path/Frameworks",
					"@loader_path/Frameworks",
				);
				PRODUCT_BUNDLE_IDENTIFIER = MengM.ExampleUITests;
				PRODUCT_NAME = "$(TARGET_NAME)";
				TARGETED_DEVICE_FAMILY = "1,2";
				TEST_TARGET_NAME = Example;
			};
			name = Debug;
		};
		405467FD22F045F10009D3F2 /* Release */ = {
			isa = XCBuildConfiguration;
			buildSettings = {
				CODE_SIGN_STYLE = Automatic;
				DEVELOPMENT_TEAM = FGT5X7Z5AY;
				INFOPLIST_FILE = ExampleUITests/Info.plist;
				LD_RUNPATH_SEARCH_PATHS = (
					"$(inherited)",
					"@executable_path/Frameworks",
					"@loader_path/Frameworks",
				);
				PRODUCT_BUNDLE_IDENTIFIER = MengM.ExampleUITests;
				PRODUCT_NAME = "$(TARGET_NAME)";
				TARGETED_DEVICE_FAMILY = "1,2";
				TEST_TARGET_NAME = Example;
			};
			name = Release;
		};
/* End XCBuildConfiguration section */

/* Begin XCConfigurationList section */
		405467C422F045F00009D3F2 /* Build configuration list for PBXProject "Example" */ = {
			isa = XCConfigurationList;
			buildConfigurations = (
				405467F322F045F10009D3F2 /* Debug */,
				405467F422F045F10009D3F2 /* Release */,
			);
			defaultConfigurationIsVisible = 0;
			defaultConfigurationName = Release;
		};
		405467F522F045F10009D3F2 /* Build configuration list for PBXNativeTarget "Example" */ = {
			isa = XCConfigurationList;
			buildConfigurations = (
				405467F622F045F10009D3F2 /* Debug */,
				405467F722F045F10009D3F2 /* Release */,
			);
			defaultConfigurationIsVisible = 0;
			defaultConfigurationName = Release;
		};
		405467F822F045F10009D3F2 /* Build configuration list for PBXNativeTarget "ExampleTests" */ = {
			isa = XCConfigurationList;
			buildConfigurations = (
				405467F922F045F10009D3F2 /* Debug */,
				405467FA22F045F10009D3F2 /* Release */,
			);
			defaultConfigurationIsVisible = 0;
			defaultConfigurationName = Release;
		};
		405467FB22F045F10009D3F2 /* Build configuration list for PBXNativeTarget "ExampleUITests" */ = {
			isa = XCConfigurationList;
			buildConfigurations = (
				405467FC22F045F10009D3F2 /* Debug */,
				405467FD22F045F10009D3F2 /* Release */,
			);
			defaultConfigurationIsVisible = 0;
			defaultConfigurationName = Release;
		};
/* End XCConfigurationList section */
	};
	rootObject = 405467C122F045F00009D3F2 /* Project object */;
}
